// !$*UTF8*$!
{
	archiveVersion = 1;
	classes = {
	};
	objectVersion = 46;
	objects = {

/* Begin PBXBuildFile section */
		5F73C4101BE2BAA60079E2FD /* AppDelegate.swift in Sources */ = {isa = PBXBuildFile; fileRef = 5F73C40F1BE2BAA60079E2FD /* AppDelegate.swift */; };
		5F73C4121BE2BAA60079E2FD /* ViewController.swift in Sources */ = {isa = PBXBuildFile; fileRef = 5F73C4111BE2BAA60079E2FD /* ViewController.swift */; };
		5F73C4151BE2BAA60079E2FD /* Main.storyboard in Resources */ = {isa = PBXBuildFile; fileRef = 5F73C4131BE2BAA60079E2FD /* Main.storyboard */; };
		5F73C4171BE2BAA60079E2FD /* Assets.xcassets in Resources */ = {isa = PBXBuildFile; fileRef = 5F73C4161BE2BAA60079E2FD /* Assets.xcassets */; };
		5F73C41A1BE2BAA60079E2FD /* LaunchScreen.storyboard in Resources */ = {isa = PBXBuildFile; fileRef = 5F73C4181BE2BAA60079E2FD /* LaunchScreen.storyboard */; };
/* End PBXBuildFile section */

/* Begin PBXFileReference section */
		5F73C40C1BE2BAA60079E2FD /* RPBP.app */ = {isa = PBXFileReference; explicitFileType = wrapper.application; includeInIndex = 0; path = RPBP.app; sourceTree = BUILT_PRODUCTS_DIR; };
		5F73C40F1BE2BAA60079E2FD /* AppDelegate.swift */ = {isa = PBXFileReference; lastKnownFileType = sourcecode.swift; path = AppDelegate.swift; sourceTree = "<group>"; };
		5F73C4111BE2BAA60079E2FD /* ViewController.swift */ = {isa = PBXFileReference; lastKnownFileType = sourcecode.swift; path = ViewController.swift; sourceTree = "<group>"; };
		5F73C4141BE2BAA60079E2FD /* Base */ = {isa = PBXFileReference; lastKnownFileType = file.storyboard; name = Base; path = Base.lproj/Main.storyboard; sourceTree = "<group>"; };
		5F73C4161BE2BAA60079E2FD /* Assets.xcassets */ = {isa = PBXFileReference; lastKnownFileType = folder.assetcatalog; path = Assets.xcassets; sourceTree = "<group>"; };
		5F73C4191BE2BAA60079E2FD /* Base */ = {isa = PBXFileReference; lastKnownFileType = file.storyboard; name = Base; path = Base.lproj/LaunchScreen.storyboard; sourceTree = "<group>"; };
		5F73C41B1BE2BAA60079E2FD /* Info.plist */ = {isa = PBXFileReference; lastKnownFileType = text.plist.xml; path = Info.plist; sourceTree = "<group>"; };
/* End PBXFileReference section */

/* Begin PBXFrameworksBuildPhase section */
		5F73C4091BE2BAA60079E2FD /* Frameworks */ = {
			isa = PBXFrameworksBuildPhase;
			buildActionMask = 2147483647;
			files = (
			);
			runOnlyForDeploymentPostprocessing = 0;
		};
/* End PBXFrameworksBuildPhase section */

/* Begin PBXGroup section */
		5F73C4031BE2BAA60079E2FD = {
			isa = PBXGroup;
			children = (
				5F73C40E1BE2BAA60079E2FD /* RPBP */,
				5F73C40D1BE2BAA60079E2FD /* Products */,
			);
			sourceTree = "<group>";
		};
		5F73C40D1BE2BAA60079E2FD /* Products */ = {
			isa = PBXGroup;
			children = (
				5F73C40C1BE2BAA60079E2FD /* RPBP.app */,
			);
			name = Products;
			sourceTree = "<group>";
		};
		5F73C40E1BE2BAA60079E2FD /* RPBP */ = {
			isa = PBXGroup;
			children = (
				5F73C40F1BE2BAA60079E2FD /* AppDelegate.swift */,
				5F73C4111BE2BAA60079E2FD /* ViewController.swift */,
				5F73C4131BE2BAA60079E2FD /* Main.storyboard */,
				5F73C4161BE2BAA60079E2FD /* Assets.xcassets */,
				5F73C4181BE2BAA60079E2FD /* LaunchScreen.storyboard */,
				5F73C41B1BE2BAA60079E2FD /* Info.plist */,
			);
			path = RPBP;
			sourceTree = "<group>";
		};
/* End PBXGroup section */

/* Begin PBXNativeTarget section */
		5F73C40B1BE2BAA60079E2FD /* RPBP */ = {
			isa = PBXNativeTarget;
			buildConfigurationList = 5F73C41E1BE2BAA60079E2FD /* Build configuration list for PBXNativeTarget "RPBP" */;
			buildPhases = (
				5F73C4081BE2BAA60079E2FD /* Sources */,
				5F73C4091BE2BAA60079E2FD /* Frameworks */,
				5F73C40A1BE2BAA60079E2FD /* Resources */,
			);
			buildRules = (
			);
			dependencies = (
			);
			name = RPBP;
			productName = RPBP;
			productReference = 5F73C40C1BE2BAA60079E2FD /* RPBP.app */;
			productType = "com.apple.product-type.application";
		};
/* End PBXNativeTarget section */

/* Begin PBXProject section */
		5F73C4041BE2BAA60079E2FD /* Project object */ = {
			isa = PBXProject;
			attributes = {
				LastSwiftUpdateCheck = 0710;
				LastUpgradeCheck = 0710;
				ORGANIZATIONNAME = "Todd Fields";
				TargetAttributes = {
					5F73C40B1BE2BAA60079E2FD = {
						CreatedOnToolsVersion = 7.1;
						DevelopmentTeam = URHD54K7Z6;
					};
				};
			};
			buildConfigurationList = 5F73C4071BE2BAA60079E2FD /* Build configuration list for PBXProject "RPBP" */;
			compatibilityVersion = "Xcode 3.2";
			developmentRegion = English;
			hasScannedForEncodings = 0;
			knownRegions = (
				en,
				Base,
			);
			mainGroup = 5F73C4031BE2BAA60079E2FD;
			productRefGroup = 5F73C40D1BE2BAA60079E2FD /* Products */;
			projectDirPath = "";
			projectRoot = "";
			targets = (
				5F73C40B1BE2BAA60079E2FD /* RPBP */,
			);
		};
/* End PBXProject section */

/* Begin PBXResourcesBuildPhase section */
		5F73C40A1BE2BAA60079E2FD /* Resources */ = {
			isa = PBXResourcesBuildPhase;
			buildActionMask = 2147483647;
			files = (
				5F73C41A1BE2BAA60079E2FD /* LaunchScreen.storyboard in Resources */,
				5F73C4171BE2BAA60079E2FD /* Assets.xcassets in Resources */,
				5F73C4151BE2BAA60079E2FD /* Main.storyboard in Resources */,
			);
			runOnlyForDeploymentPostprocessing = 0;
		};
/* End PBXResourcesBuildPhase section */

/* Begin PBXSourcesBuildPhase section */
		5F73C4081BE2BAA60079E2FD /* Sources */ = {
			isa = PBXSourcesBuildPhase;
			buildActionMask = 2147483647;
			files = (
				5F73C4121BE2BAA60079E2FD /* ViewController.swift in Sources */,
				5F73C4101BE2BAA60079E2FD /* AppDelegate.swift in Sources */,
			);
			runOnlyForDeploymentPostprocessing = 0;
		};
/* End PBXSourcesBuildPhase section */

/* Begin PBXVariantGroup section */
		5F73C4131BE2BAA60079E2FD /* Main.storyboard */ = {
			isa = PBXVariantGroup;
			children = (
				5F73C4141BE2BAA60079E2FD /* Base */,
			);
			name = Main.storyboard;
			sourceTree = "<group>";
		};
		5F73C4181BE2BAA60079E2FD /* LaunchScreen.storyboard */ = {
			isa = PBXVariantGroup;
			children = (
				5F73C4191BE2BAA60079E2FD /* Base */,
			);
			name = LaunchScreen.storyboard;
			sourceTree = "<group>";
		};
/* End PBXVariantGroup section */

/* Begin XCBuildConfiguration section */
		5F73C41C1BE2BAA60079E2FD /* Debug */ = {
			isa = XCBuildConfiguration;
			buildSettings = {
				ALWAYS_SEARCH_USER_PATHS = NO;
				CLANG_CXX_LANGUAGE_STANDARD = "gnu++0x";
				CLANG_CXX_LIBRARY = "libc++";
				CLANG_ENABLE_MODULES = YES;
				CLANG_ENABLE_OBJC_ARC = YES;
				CLANG_WARN_BOOL_CONVERSION = YES;
				CLANG_WARN_CONSTANT_CONVERSION = YES;
				CLANG_WARN_DIRECT_OBJC_ISA_USAGE = YES_ERROR;
				CLANG_WARN_EMPTY_BODY = YES;
				CLANG_WARN_ENUM_CONVERSION = YES;
				CLANG_WARN_INT_CONVERSION = YES;
				CLANG_WARN_OBJC_ROOT_CLASS = YES_ERROR;
				CLANG_WARN_UNREACHABLE_CODE = YES;
				CLANG_WARN__DUPLICATE_METHOD_MATCH = YES;
				"CODE_SIGN_IDENTITY[sdk=iphoneos*]" = "iPhone Developer";
				COPY_PHASE_STRIP = NO;
				DEBUG_INFORMATION_FORMAT = dwarf;
				ENABLE_STRICT_OBJC_MSGSEND = YES;
				ENABLE_TESTABILITY = YES;
				GCC_C_LANGUAGE_STANDARD = gnu99;
				GCC_DYNAMIC_NO_PIC = NO;
				GCC_NO_COMMON_BLOCKS = YES;
				GCC_OPTIMIZATION_LEVEL = 0;
				GCC_PREPROCESSOR_DEFINITIONS = (
					"DEBUG=1",
					"$(inherited)",
				);
				GCC_WARN_64_TO_32_BIT_CONVERSION = YES;
				GCC_WARN_ABOUT_RETURN_TYPE = YES_ERROR;
				GCC_WARN_UNDECLARED_SELECTOR = YES;
				GCC_WARN_UNINITIALIZED_AUTOS = YES_AGGRESSIVE;
				GCC_WARN_UNUSED_FUNCTION = YES;
				GCC_WARN_UNUSED_VARIABLE = YES;
				IPHONEOS_DEPLOYMENT_TARGET = 9.1;
				MTL_ENABLE_DEBUG_INFO = YES;
				ONLY_ACTIVE_ARCH = YES;
				SDKROOT = iphoneos;
				SWIFT_OPTIMIZATION_LEVEL = "-Onone";
			};
			name = Debug;
		};
		5F73C41D1BE2BAA60079E2FD /* Release */ = {
			isa = XCBuildConfiguration;
			buildSettings = {
				ALWAYS_SEARCH_USER_PATHS = NO;
				CLANG_CXX_LANGUAGE_STANDARD = "gnu++0x";
				CLANG_CXX_LIBRARY = "libc++";
				CLANG_ENABLE_MODULES = YES;
				CLANG_ENABLE_OBJC_ARC = YES;
				CLANG_WARN_BOOL_CONVERSION = YES;
				CLANG_WARN_CONSTANT_CONVERSION = YES;
				CLANG_WARN_DIRECT_OBJC_ISA_USAGE = YES_ERROR;
				CLANG_WARN_EMPTY_BODY = YES;
				CLANG_WARN_ENUM_CONVERSION = YES;
				CLANG_WARN_INT_CONVERSION = YES;
				CLANG_WARN_OBJC_ROOT_CLASS = YES_ERROR;
				CLANG_WARN_UNREACHABLE_CODE = YES;
				CLANG_WARN__DUPLICATE_METHOD_MATCH = YES;
				"CODE_SIGN_IDENTITY[sdk=iphoneos*]" = "iPhone Developer";
				COPY_PHASE_STRIP = NO;
				DEBUG_INFORMATION_FORMAT = "dwarf-with-dsym";
				ENABLE_NS_ASSERTIONS = NO;
				ENABLE_STRICT_OBJC_MSGSEND = YES;
				GCC_C_LANGUAGE_STANDARD = gnu99;
				GCC_NO_COMMON_BLOCKS = YES;
				GCC_WARN_64_TO_32_BIT_CONVERSION = YES;
				GCC_WARN_ABOUT_RETURN_TYPE = YES_ERROR;
				GCC_WARN_UNDECLARED_SELECTOR = YES;
				GCC_WARN_UNINITIALIZED_AUTOS = YES_AGGRESSIVE;
				GCC_WARN_UNUSED_FUNCTION = YES;
				GCC_WARN_UNUSED_VARIABLE = YES;
				IPHONEOS_DEPLOYMENT_TARGET = 9.1;
				MTL_ENABLE_DEBUG_INFO = NO;
				SDKROOT = iphoneos;
				VALIDATE_PRODUCT = YES;
			};
			name = Release;
		};
		5F73C41F1BE2BAA60079E2FD /* Debug */ = {
			isa = XCBuildConfiguration;
			buildSettings = {
				ASSETCATALOG_COMPILER_APPICON_NAME = AppIcon;
				CODE_SIGN_IDENTITY = "iPhone Developer";
				INFOPLIST_FILE = RPBP/Info.plist;
				LD_RUNPATH_SEARCH_PATHS = "$(inherited) @executable_path/Frameworks";
				PRODUCT_BUNDLE_IDENTIFIER = com.genxos.RPBP;
				PRODUCT_NAME = "$(TARGET_NAME)";
			};
			name = Debug;
		};
		5F73C4201BE2BAA60079E2FD /* Release */ = {
			isa = XCBuildConfiguration;
			buildSettings = {
				ASSETCATALOG_COMPILER_APPICON_NAME = AppIcon;
				CODE_SIGN_IDENTITY = "iPhone Developer";
				INFOPLIST_FILE = RPBP/Info.plist;
				LD_RUNPATH_SEARCH_PATHS = "$(inherited) @executable_path/Frameworks";
				PRODUCT_BUNDLE_IDENTIFIER = com.genxos.RPBP;
				PRODUCT_NAME = "$(TARGET_NAME)";
			};
			name = Release;
		};
/* End XCBuildConfiguration section */

/* Begin XCConfigurationList section */
		5F73C4071BE2BAA60079E2FD /* Build configuration list for PBXProject "RPBP" */ = {
			isa = XCConfigurationList;
			buildConfigurations = (
				5F73C41C1BE2BAA60079E2FD /* Debug */,
				5F73C41D1BE2BAA60079E2FD /* Release */,
			);
			defaultConfigurationIsVisible = 0;
			defaultConfigurationName = Release;
		};
		5F73C41E1BE2BAA60079E2FD /* Build configuration list for PBXNativeTarget "RPBP" */ = {
			isa = XCConfigurationList;
			buildConfigurations = (
				5F73C41F1BE2BAA60079E2FD /* Debug */,
				5F73C4201BE2BAA60079E2FD /* Release */,
			);
			defaultConfigurationIsVisible = 0;
		};
/* End XCConfigurationList section */
	};
	rootObject = 5F73C4041BE2BAA60079E2FD /* Project object */;
}
